// !$*UTF8*$!
{
	archiveVersion = 1;
	classes = {
	};
	objectVersion = 50;
	objects = {

/* Begin PBXBuildFile section */
		C88341A022C3AAF500D9277B /* AppDelegate.swift in Sources */ = {isa = PBXBuildFile; fileRef = C883419F22C3AAF500D9277B /* AppDelegate.swift */; };
		C88341A222C3AAF500D9277B /* ViewController.swift in Sources */ = {isa = PBXBuildFile; fileRef = C88341A122C3AAF500D9277B /* ViewController.swift */; };
		C88341A522C3AAF500D9277B /* Main.storyboard in Resources */ = {isa = PBXBuildFile; fileRef = C88341A322C3AAF500D9277B /* Main.storyboard */; };
		C88341A722C3AAF600D9277B /* Assets.xcassets in Resources */ = {isa = PBXBuildFile; fileRef = C88341A622C3AAF600D9277B /* Assets.xcassets */; };
		C88341AA22C3AAF600D9277B /* LaunchScreen.storyboard in Resources */ = {isa = PBXBuildFile; fileRef = C88341A822C3AAF600D9277B /* LaunchScreen.storyboard */; };
		C88341B222C3AB0600D9277B /* LeftView.xib in Resources */ = {isa = PBXBuildFile; fileRef = C88341B122C3AB0600D9277B /* LeftView.xib */; };
		C88341B422C3AB1700D9277B /* RightView.swift in Sources */ = {isa = PBXBuildFile; fileRef = C88341B322C3AB1700D9277B /* RightView.swift */; };
		C88341B622C3AB2A00D9277B /* RightView.xib in Resources */ = {isa = PBXBuildFile; fileRef = C88341B522C3AB2A00D9277B /* RightView.xib */; };
		C88341B822C3AB4A00D9277B /* CenterView.swift in Sources */ = {isa = PBXBuildFile; fileRef = C88341B722C3AB4A00D9277B /* CenterView.swift */; };
/* End PBXBuildFile section */

/* Begin PBXFileReference section */
		C883419C22C3AAF500D9277B /* Project04 - SnapChat.app */ = {isa = PBXFileReference; explicitFileType = wrapper.application; includeInIndex = 0; path = "Project04 - SnapChat.app"; sourceTree = BUILT_PRODUCTS_DIR; };
		C883419F22C3AAF500D9277B /* AppDelegate.swift */ = {isa = PBXFileReference; lastKnownFileType = sourcecode.swift; path = AppDelegate.swift; sourceTree = "<group>"; };
		C88341A122C3AAF500D9277B /* ViewController.swift */ = {isa = PBXFileReference; lastKnownFileType = sourcecode.swift; path = ViewController.swift; sourceTree = "<group>"; };
		C88341A422C3AAF500D9277B /* Base */ = {isa = PBXFileReference; lastKnownFileType = file.storyboard; name = Base; path = Base.lproj/Main.storyboard; sourceTree = "<group>"; };
		C88341A622C3AAF600D9277B /* Assets.xcassets */ = {isa = PBXFileReference; lastKnownFileType = folder.assetcatalog; path = Assets.xcassets; sourceTree = "<group>"; };
		C88341A922C3AAF600D9277B /* Base */ = {isa = PBXFileReference; lastKnownFileType = file.storyboard; name = Base; path = Base.lproj/LaunchScreen.storyboard; sourceTree = "<group>"; };
		C88341AB22C3AAF600D9277B /* Info.plist */ = {isa = PBXFileReference; lastKnownFileType = text.plist.xml; path = Info.plist; sourceTree = "<group>"; };
		C88341B122C3AB0600D9277B /* LeftView.xib */ = {isa = PBXFileReference; lastKnownFileType = file.xib; path = LeftView.xib; sourceTree = "<group>"; };
		C88341B322C3AB1700D9277B /* RightView.swift */ = {isa = PBXFileReference; lastKnownFileType = sourcecode.swift; path = RightView.swift; sourceTree = "<group>"; };
		C88341B522C3AB2A00D9277B /* RightView.xib */ = {isa = PBXFileReference; lastKnownFileType = file.xib; path = RightView.xib; sourceTree = "<group>"; };
		C88341B722C3AB4A00D9277B /* CenterView.swift */ = {isa = PBXFileReference; lastKnownFileType = sourcecode.swift; path = CenterView.swift; sourceTree = "<group>"; };
/* End PBXFileReference section */

/* Begin PBXFrameworksBuildPhase section */
		C883419922C3AAF500D9277B /* Frameworks */ = {
			isa = PBXFrameworksBuildPhase;
			buildActionMask = 2147483647;
			files = (
			);
			runOnlyForDeploymentPostprocessing = 0;
		};
/* End PBXFrameworksBuildPhase section */

/* Begin PBXGroup section */
		C883419322C3AAF500D9277B = {
			isa = PBXGroup;
			children = (
				C883419E22C3AAF500D9277B /* Project04 - SnapChat */,
				C883419D22C3AAF500D9277B /* Products */,
			);
			sourceTree = "<group>";
		};
		C883419D22C3AAF500D9277B /* Products */ = {
			isa = PBXGroup;
			children = (
				C883419C22C3AAF500D9277B /* Project04 - SnapChat.app */,
			);
			name = Products;
			sourceTree = "<group>";
		};
		C883419E22C3AAF500D9277B /* Project04 - SnapChat */ = {
			isa = PBXGroup;
			children = (
				C883419F22C3AAF500D9277B /* AppDelegate.swift */,
				C88341A122C3AAF500D9277B /* ViewController.swift */,
				C88341B122C3AB0600D9277B /* LeftView.xib */,
				C88341B722C3AB4A00D9277B /* CenterView.swift */,
				C88341B322C3AB1700D9277B /* RightView.swift */,
				C88341B522C3AB2A00D9277B /* RightView.xib */,
				C88341A322C3AAF500D9277B /* Main.storyboard */,
				C88341A622C3AAF600D9277B /* Assets.xcassets */,
				C88341A822C3AAF600D9277B /* LaunchScreen.storyboard */,
				C88341AB22C3AAF600D9277B /* Info.plist */,
			);
			path = "Project04 - SnapChat";
			sourceTree = "<group>";
		};
/* End PBXGroup section */

/* Begin PBXNativeTarget section */
		C883419B22C3AAF500D9277B /* Project04 - SnapChat */ = {
			isa = PBXNativeTarget;
			buildConfigurationList = C88341AE22C3AAF600D9277B /* Build configuration list for PBXNativeTarget "Project04 - SnapChat" */;
			buildPhases = (
				C883419822C3AAF500D9277B /* Sources */,
				C883419922C3AAF500D9277B /* Frameworks */,
				C883419A22C3AAF500D9277B /* Resources */,
			);
			buildRules = (
			);
			dependencies = (
			);
			name = "Project04 - SnapChat";
			productName = "Project04 - SnapChat";
			productReference = C883419C22C3AAF500D9277B /* Project04 - SnapChat.app */;
			productType = "com.apple.product-type.application";
		};
/* End PBXNativeTarget section */

/* Begin PBXProject section */
		C883419422C3AAF500D9277B /* Project object */ = {
			isa = PBXProject;
			attributes = {
				LastSwiftUpdateCheck = 1020;
				LastUpgradeCheck = 1020;
				ORGANIZATIONNAME = zcdong;
				TargetAttributes = {
					C883419B22C3AAF500D9277B = {
						CreatedOnToolsVersion = 10.2.1;
					};
				};
			};
			buildConfigurationList = C883419722C3AAF500D9277B /* Build configuration list for PBXProject "Project04 - SnapChat" */;
			compatibilityVersion = "Xcode 9.3";
			developmentRegion = en;
			hasScannedForEncodings = 0;
			knownRegions = (
				en,
				Base,
			);
			mainGroup = C883419322C3AAF500D9277B;
			productRefGroup = C883419D22C3AAF500D9277B /* Products */;
			projectDirPath = "";
			projectRoot = "";
			targets = (
				C883419B22C3AAF500D9277B /* Project04 - SnapChat */,
			);
		};
/* End PBXProject section */

/* Begin PBXResourcesBuildPhase section */
		C883419A22C3AAF500D9277B /* Resources */ = {
			isa = PBXResourcesBuildPhase;
			buildActionMask = 2147483647;
			files = (
				C88341AA22C3AAF600D9277B /* LaunchScreen.storyboard in Resources */,
				C88341B622C3AB2A00D9277B /* RightView.xib in Resources */,
				C88341A722C3AAF600D9277B /* Assets.xcassets in Resources */,
				C88341A522C3AAF500D9277B /* Main.storyboard in Resources */,
				C88341B222C3AB0600D9277B /* LeftView.xib in Resources */,
			);
			runOnlyForDeploymentPostprocessing = 0;
		};
/* End PBXResourcesBuildPhase section */

/* Begin PBXSourcesBuildPhase section */
		C883419822C3AAF500D9277B /* Sources */ = {
			isa = PBXSourcesBuildPhase;
			buildActionMask = 2147483647;
			files = (
				C88341A222C3AAF500D9277B /* ViewController.swift in Sources */,
				C88341A022C3AAF500D9277B /* AppDelegate.swift in Sources */,
				C88341B422C3AB1700D9277B /* RightView.swift in Sources */,
				C88341B822C3AB4A00D9277B /* CenterView.swift in Sources */,
			);
			runOnlyForDeploymentPostprocessing = 0;
		};
/* End PBXSourcesBuildPhase section */

/* Begin PBXVariantGroup section */
		C88341A322C3AAF500D9277B /* Main.storyboard */ = {
			isa = PBXVariantGroup;
			children = (
				C88341A422C3AAF500D9277B /* Base */,
			);
			name = Main.storyboard;
			sourceTree = "<group>";
		};
		C88341A822C3AAF600D9277B /* LaunchScreen.storyboard */ = {
			isa = PBXVariantGroup;
			children = (
				C88341A922C3AAF600D9277B /* Base */,
			);
			name = LaunchScreen.storyboard;
			sourceTree = "<group>";
		};
/* End PBXVariantGroup section */

/* Begin XCBuildConfiguration section */
		C88341AC22C3AAF600D9277B /* Debug */ = {
			isa = XCBuildConfiguration;
			buildSettings = {
				ALWAYS_SEARCH_USER_PATHS = NO;
				CLANG_ANALYZER_NONNULL = YES;
				CLANG_ANALYZER_NUMBER_OBJECT_CONVERSION = YES_AGGRESSIVE;
				CLANG_CXX_LANGUAGE_STANDARD = "gnu++14";
				CLANG_CXX_LIBRARY = "libc++";
				CLANG_ENABLE_MODULES = YES;
				CLANG_ENABLE_OBJC_ARC = YES;
				CLANG_ENABLE_OBJC_WEAK = YES;
				CLANG_WARN_BLOCK_CAPTURE_AUTORELEASING = YES;
				CLANG_WARN_BOOL_CONVERSION = YES;
				CLANG_WARN_COMMA = YES;
				CLANG_WARN_CONSTANT_CONVERSION = YES;
				CLANG_WARN_DEPRECATED_OBJC_IMPLEMENTATIONS = YES;
				CLANG_WARN_DIRECT_OBJC_ISA_USAGE = YES_ERROR;
				CLANG_WARN_DOCUMENTATION_COMMENTS = YES;
				CLANG_WARN_EMPTY_BODY = YES;
				CLANG_WARN_ENUM_CONVERSION = YES;
				CLANG_WARN_INFINITE_RECURSION = YES;
				CLANG_WARN_INT_CONVERSION = YES;
				CLANG_WARN_NON_LITERAL_NULL_CONVERSION = YES;
				CLANG_WARN_OBJC_IMPLICIT_RETAIN_SELF = YES;
				CLANG_WARN_OBJC_LITERAL_CONVERSION = YES;
				CLANG_WARN_OBJC_ROOT_CLASS = YES_ERROR;
				CLANG_WARN_RANGE_LOOP_ANALYSIS = YES;
				CLANG_WARN_STRICT_PROTOTYPES = YES;
				CLANG_WARN_SUSPICIOUS_MOVE = YES;
				CLANG_WARN_UNGUARDED_AVAILABILITY = YES_AGGRESSIVE;
				CLANG_WARN_UNREACHABLE_CODE = YES;
				CLANG_WARN__DUPLICATE_METHOD_MATCH = YES;
				CODE_SIGN_IDENTITY = "iPhone Developer";
				COPY_PHASE_STRIP = NO;
				DEBUG_INFORMATION_FORMAT = dwarf;
				ENABLE_STRICT_OBJC_MSGSEND = YES;
				ENABLE_TESTABILITY = YES;
				GCC_C_LANGUAGE_STANDARD = gnu11;
				GCC_DYNAMIC_NO_PIC = NO;
				GCC_NO_COMMON_BLOCKS = YES;
				GCC_OPTIMIZATION_LEVEL = 0;
				GCC_PREPROCESSOR_DEFINITIONS = (
					"DEBUG=1",
					"$(inherited)",
				);
				GCC_WARN_64_TO_32_BIT_CONVERSION = YES;
				GCC_WARN_ABOUT_RETURN_TYPE = YES_ERROR;
				GCC_WARN_UNDECLARED_SELECTOR = YES;
				GCC_WARN_UNINITIALIZED_AUTOS = YES_AGGRESSIVE;
				GCC_WARN_UNUSED_FUNCTION = YES;
				GCC_WARN_UNUSED_VARIABLE = YES;
				IPHONEOS_DEPLOYMENT_TARGET = 12.2;
				MTL_ENABLE_DEBUG_INFO = INCLUDE_SOURCE;
				MTL_FAST_MATH = YES;
				ONLY_ACTIVE_ARCH = YES;
				SDKROOT = iphoneos;
				SWIFT_ACTIVE_COMPILATION_CONDITIONS = DEBUG;
				SWIFT_OPTIMIZATION_LEVEL = "-Onone";
			};
			name = Debug;
		};
		C88341AD22C3AAF600D9277B /* Release */ = {
			isa = XCBuildConfiguration;
			buildSettings = {
				ALWAYS_SEARCH_USER_PATHS = NO;
				CLANG_ANALYZER_NONNULL = YES;
				CLANG_ANALYZER_NUMBER_OBJECT_CONVERSION = YES_AGGRESSIVE;
				CLANG_CXX_LANGUAGE_STANDARD = "gnu++14";
				CLANG_CXX_LIBRARY = "libc++";
				CLANG_ENABLE_MODULES = YES;
				CLANG_ENABLE_OBJC_ARC = YES;
				CLANG_ENABLE_OBJC_WEAK = YES;
				CLANG_WARN_BLOCK_CAPTURE_AUTORELEASING = YES;
				CLANG_WARN_BOOL_CONVERSION = YES;
				CLANG_WARN_COMMA = YES;
				CLANG_WARN_CONSTANT_CONVERSION = YES;
				CLANG_WARN_DEPRECATED_OBJC_IMPLEMENTATIONS = YES;
				CLANG_WARN_DIRECT_OBJC_ISA_USAGE = YES_ERROR;
				CLANG_WARN_DOCUMENTATION_COMMENTS = YES;
				CLANG_WARN_EMPTY_BODY = YES;
				CLANG_WARN_ENUM_CONVERSION = YES;
				CLANG_WARN_INFINITE_RECURSION = YES;
				CLANG_WARN_INT_CONVERSION = YES;
				CLANG_WARN_NON_LITERAL_NULL_CONVERSION = YES;
				CLANG_WARN_OBJC_IMPLICIT_RETAIN_SELF = YES;
				CLANG_WARN_OBJC_LITERAL_CONVERSION = YES;
				CLANG_WARN_OBJC_ROOT_CLASS = YES_ERROR;
				CLANG_WARN_RANGE_LOOP_ANALYSIS = YES;
				CLANG_WARN_STRICT_PROTOTYPES = YES;
				CLANG_WARN_SUSPICIOUS_MOVE = YES;
				CLANG_WARN_UNGUARDED_AVAILABILITY = YES_AGGRESSIVE;
				CLANG_WARN_UNREACHABLE_CODE = YES;
				CLANG_WARN__DUPLICATE_METHOD_MATCH = YES;
				CODE_SIGN_IDENTITY = "iPhone Developer";
				COPY_PHASE_STRIP = NO;
				DEBUG_INFORMATION_FORMAT = "dwarf-with-dsym";
				ENABLE_NS_ASSERTIONS = NO;
				ENABLE_STRICT_OBJC_MSGSEND = YES;
				GCC_C_LANGUAGE_STANDARD = gnu11;
				GCC_NO_COMMON_BLOCKS = YES;
				GCC_WARN_64_TO_32_BIT_CONVERSION = YES;
				GCC_WARN_ABOUT_RETURN_TYPE = YES_ERROR;
				GCC_WARN_UNDECLARED_SELECTOR = YES;
				GCC_WARN_UNINITIALIZED_AUTOS = YES_AGGRESSIVE;
				GCC_WARN_UNUSED_FUNCTION = YES;
				GCC_WARN_UNUSED_VARIABLE = YES;
				IPHONEOS_DEPLOYMENT_TARGET = 12.2;
				MTL_ENABLE_DEBUG_INFO = NO;
				MTL_FAST_MATH = YES;
				SDKROOT = iphoneos;
				SWIFT_COMPILATION_MODE = wholemodule;
				SWIFT_OPTIMIZATION_LEVEL = "-O";
				VALIDATE_PRODUCT = YES;
			};
			name = Release;
		};
		C88341AF22C3AAF600D9277B /* Debug */ = {
			isa = XCBuildConfiguration;
			buildSettings = {
				ASSETCATALOG_COMPILER_APPICON_NAME = AppIcon;
				CODE_SIGN_STYLE = Automatic;
				INFOPLIST_FILE = "Project04 - SnapChat/Info.plist";
				LD_RUNPATH_SEARCH_PATHS = (
					"$(inherited)",
					"@executable_path/Frameworks",
				);
				PRODUCT_BUNDLE_IDENTIFIER = "zc.Project04---SnapChat";
				PRODUCT_NAME = "$(TARGET_NAME)";
				SWIFT_VERSION = 5.0;
				TARGETED_DEVICE_FAMILY = "1,2";
			};
			name = Debug;
		};
		C88341B022C3AAF600D9277B /* Release */ = {
			isa = XCBuildConfiguration;
			buildSettings = {
				ASSETCATALOG_COMPILER_APPICON_NAME = AppIcon;
				CODE_SIGN_STYLE = Automatic;
				INFOPLIST_FILE = "Project04 - SnapChat/Info.plist";
				LD_RUNPATH_SEARCH_PATHS = (
					"$(inherited)",
					"@executable_path/Frameworks",
				);
				PRODUCT_BUNDLE_IDENTIFIER = "zc.Project04---SnapChat";
				PRODUCT_NAME = "$(TARGET_NAME)";
				SWIFT_VERSION = 5.0;
				TARGETED_DEVICE_FAMILY = "1,2";
			};
			name = Release;
		};
/* End XCBuildConfiguration section */

/* Begin XCConfigurationList section */
		C883419722C3AAF500D9277B /* Build configuration list for PBXProject "Project04 - SnapChat" */ = {
			isa = XCConfigurationList;
			buildConfigurations = (
				C88341AC22C3AAF600D9277B /* Debug */,
				C88341AD22C3AAF600D9277B /* Release */,
			);
			defaultConfigurationIsVisible = 0;
			defaultConfigurationName = Release;
		};
		C88341AE22C3AAF600D9277B /* Build configuration list for PBXNativeTarget "Project04 - SnapChat" */ = {
			isa = XCConfigurationList;
			buildConfigurations = (
				C88341AF22C3AAF600D9277B /* Debug */,
				C88341B022C3AAF600D9277B /* Release */,
			);
			defaultConfigurationIsVisible = 0;
			defaultConfigurationName = Release;
		};
/* End XCConfigurationList section */
	};
	rootObject = C883419422C3AAF500D9277B /* Project object */;
}
